
Microsoft Visual Studio Solution File, Format Version 12.00
# Visual Studio Version 17
VisualStudioVersion = 17.5.002.0
MinimumVisualStudioVersion = 10.0.40219.1
Project("{9A19103F-16F7-4668-BE54-9A1E7A4F7556}") = "EntityFrameworkCoreJsonColumns", "EntityFrameworkCoreJsonColumns.csproj", "{BD404BB0-6CF5-4F9D-859C-67D605B85828}"
EndProject
Global
	GlobalSection(SolutionConfigurationPlatforms) = preSolution
		Debug|Any CPU = Debug|Any CPU
		Release|Any CPU = Release|Any CPU
	EndGlobalSection
	GlobalSection(ProjectConfigurationPlatforms) = postSolution
		{BD404BB0-6CF5-4F9D-859C-67D605B85828}.Debug|Any CPU.ActiveCfg = Debug|Any CPU
		{BD404BB0-6CF5-4F9D-859C-67D605B85828}.Debug|Any CPU.Build.0 = Debug|Any CPU
		{BD404BB0-6CF5-4F9D-859C-67D605B85828}.Release|Any CPU.ActiveCfg = Release|Any CPU
		{BD404BB0-6CF5-4F9D-859C-67D605B85828}.Release|Any CPU.Build.0 = Release|Any CPU
	EndGlobalSection
	GlobalSection(SolutionProperties) = preSolution
		HideSolutionNode = FALSE
	EndGlobalSection
	GlobalSection(ExtensibilityGlobals) = postSolution
		SolutionGuid = {469F8B3D-D479-40C4-881F-6DEB40664E48}
	EndGlobalSection
EndGlobal
